
Microsoft Visual Studio Solution File, Format Version 12.00
# Visual Studio Version 16
VisualStudioVersion = 16.0.31729.503
MinimumVisualStudioVersion = 10.0.40219.1
Project("{FAE04EC0-301F-11D3-BF4B-00C04F79EFBC}") = "TP-Hardware.WinForm", "TP-Hardware.WinForm\TP-Hardware.WinForm.csproj", "{541301DC-ECD4-4A63-9542-43F29E21AF24}"
EndProject
Project("{FAE04EC0-301F-11D3-BF4B-00C04F79EFBC}") = "TP-Hardware.Entidades", "TP-Hardware.Entidades\TP-Hardware.Entidades.csproj", "{3E53331A-1D20-4044-B589-5995A62D15BC}"
EndProject
Project("{FAE04EC0-301F-11D3-BF4B-00C04F79EFBC}") = "TP-Hardware.Negocio", "TP-Hardware.Negocio\TP-Hardware.Negocio.csproj", "{C5B24788-ACB9-4D31-A16F-82C4E97CA782}"
EndProject
Project("{FAE04EC0-301F-11D3-BF4B-00C04F79EFBC}") = "TP-Hardware.AccesoDatos", "TP-Hardware.AccesoDatos\TP-Hardware.AccesoDatos.csproj", "{DBC7B63B-E49C-4D01-900E-EDF9D6703043}"
EndProject
Global
	GlobalSection(SolutionConfigurationPlatforms) = preSolution
		Debug|Any CPU = Debug|Any CPU
		Release|Any CPU = Release|Any CPU
	EndGlobalSection
	GlobalSection(ProjectConfigurationPlatforms) = postSolution
		{541301DC-ECD4-4A63-9542-43F29E21AF24}.Debug|Any CPU.ActiveCfg = Debug|Any CPU
		{541301DC-ECD4-4A63-9542-43F29E21AF24}.Debug|Any CPU.Build.0 = Debug|Any CPU
		{541301DC-ECD4-4A63-9542-43F29E21AF24}.Release|Any CPU.ActiveCfg = Release|Any CPU
		{541301DC-ECD4-4A63-9542-43F29E21AF24}.Release|Any CPU.Build.0 = Release|Any CPU
		{3E53331A-1D20-4044-B589-5995A62D15BC}.Debug|Any CPU.ActiveCfg = Debug|Any CPU
		{3E53331A-1D20-4044-B589-5995A62D15BC}.Debug|Any CPU.Build.0 = Debug|Any CPU
		{3E53331A-1D20-4044-B589-5995A62D15BC}.Release|Any CPU.ActiveCfg = Release|Any CPU
		{3E53331A-1D20-4044-B589-5995A62D15BC}.Release|Any CPU.Build.0 = Release|Any CPU
		{C5B24788-ACB9-4D31-A16F-82C4E97CA782}.Debug|Any CPU.ActiveCfg = Debug|Any CPU
		{C5B24788-ACB9-4D31-A16F-82C4E97CA782}.Debug|Any CPU.Build.0 = Debug|Any CPU
		{C5B24788-ACB9-4D31-A16F-82C4E97CA782}.Release|Any CPU.ActiveCfg = Release|Any CPU
		{C5B24788-ACB9-4D31-A16F-82C4E97CA782}.Release|Any CPU.Build.0 = Release|Any CPU
		{DBC7B63B-E49C-4D01-900E-EDF9D6703043}.Debug|Any CPU.ActiveCfg = Debug|Any CPU
		{DBC7B63B-E49C-4D01-900E-EDF9D6703043}.Debug|Any CPU.Build.0 = Debug|Any CPU
		{DBC7B63B-E49C-4D01-900E-EDF9D6703043}.Release|Any CPU.ActiveCfg = Release|Any CPU
		{DBC7B63B-E49C-4D01-900E-EDF9D6703043}.Release|Any CPU.Build.0 = Release|Any CPU
	EndGlobalSection
	GlobalSection(SolutionProperties) = preSolution
		HideSolutionNode = FALSE
	EndGlobalSection
	GlobalSection(ExtensibilityGlobals) = postSolution
		SolutionGuid = {057FE85B-36D0-412F-97CC-0B222BB1F485}
	EndGlobalSection
EndGlobal
